Microsoft Visual Studio Solution File, Format Version 10.00
# Visual Studio 2008
Project("{8BC9CEB8-8B4A-11D0-8D11-00A0C91BC942}") = "M", "M.vcproj", "{1515C8EB-5C72-43DF-9D3A-0703F155F268}"
	ProjectSection(ProjectDependencies) = postProject
		{0E9F4403-1AA1-4824-A99F-041B1BF18D14} = {0E9F4403-1AA1-4824-A99F-041B1BF18D14}
		{62156246-DCEA-4713-95E0-C01F595F1A20} = {62156246-DCEA-4713-95E0-C01F595F1A20}
		{E46C11C7-5924-4F7C-B82E-5BEB8856A8BC} = {E46C11C7-5924-4F7C-B82E-5BEB8856A8BC}
		{86C1D2C7-C961-4017-88E8-63D0BCCBD0D5} = {86C1D2C7-C961-4017-88E8-63D0BCCBD0D5}
		{457CFEC8-5C3F-4C7E-98A6-B65E1DE22682} = {457CFEC8-5C3F-4C7E-98A6-B65E1DE22682}
	EndProjectSection
EndProject
Project("{8BC9CEB8-8B4A-11D0-8D11-00A0C91BC942}") = "imap", "lib\imap\imap.vcproj", "{457CFEC8-5C3F-4C7E-98A6-B65E1DE22682}"
	ProjectSection(ProjectDependencies) = postProject
		{86C1D2C7-C961-4017-88E8-63D0BCCBD0D5} = {86C1D2C7-C961-4017-88E8-63D0BCCBD0D5}
	EndProjectSection
EndProject
Project("{8BC9CEB8-8B4A-11D0-8D11-00A0C91BC942}") = "compface", "lib\compface\compface.vcproj", "{0E9F4403-1AA1-4824-A99F-041B1BF18D14}"
EndProject
Project("{8BC9CEB8-8B4A-11D0-8D11-00A0C91BC942}") = "dspam", "lib\dspam\dspam.vcproj", "{62156246-DCEA-4713-95E0-C01F595F1A20}"
EndProject
Project("{8BC9CEB8-8B4A-11D0-8D11-00A0C91BC942}") = "config", "Mconfig.vcproj", "{86C1D2C7-C961-4017-88E8-63D0BCCBD0D5}"
EndProject
Project("{8BC9CEB8-8B4A-11D0-8D11-00A0C91BC942}") = "versit", "src\wx\vcard\versit.vcproj", "{E46C11C7-5924-4F7C-B82E-5BEB8856A8BC}"
EndProject
Global
	GlobalSection(SolutionConfigurationPlatforms) = preSolution
		Debug|Win32 = Debug|Win32
		Debug|x64 = Debug|x64
		Release|Win32 = Release|Win32
		Release|x64 = Release|x64
	EndGlobalSection
	GlobalSection(ProjectConfigurationPlatforms) = postSolution
		{1515C8EB-5C72-43DF-9D3A-0703F155F268}.Debug|Win32.ActiveCfg = Debug|Win32
		{1515C8EB-5C72-43DF-9D3A-0703F155F268}.Debug|Win32.Build.0 = Debug|Win32
		{1515C8EB-5C72-43DF-9D3A-0703F155F268}.Debug|x64.ActiveCfg = Debug|x64
		{1515C8EB-5C72-43DF-9D3A-0703F155F268}.Debug|x64.Build.0 = Debug|x64
		{1515C8EB-5C72-43DF-9D3A-0703F155F268}.Release|Win32.ActiveCfg = Release|Win32
		{1515C8EB-5C72-43DF-9D3A-0703F155F268}.Release|Win32.Build.0 = Release|Win32
		{1515C8EB-5C72-43DF-9D3A-0703F155F268}.Release|x64.ActiveCfg = Release|x64
		{1515C8EB-5C72-43DF-9D3A-0703F155F268}.Release|x64.Build.0 = Release|x64
		{457CFEC8-5C3F-4C7E-98A6-B65E1DE22682}.Debug|Win32.ActiveCfg = Debug|Win32
		{457CFEC8-5C3F-4C7E-98A6-B65E1DE22682}.Debug|Win32.Build.0 = Debug|Win32
		{457CFEC8-5C3F-4C7E-98A6-B65E1DE22682}.Debug|x64.ActiveCfg = Debug|x64
		{457CFEC8-5C3F-4C7E-98A6-B65E1DE22682}.Debug|x64.Build.0 = Debug|x64
		{457CFEC8-5C3F-4C7E-98A6-B65E1DE22682}.Release|Win32.ActiveCfg = Release|Win32
		{457CFEC8-5C3F-4C7E-98A6-B65E1DE22682}.Release|Win32.Build.0 = Release|Win32
		{457CFEC8-5C3F-4C7E-98A6-B65E1DE22682}.Release|x64.ActiveCfg = Release|x64
		{457CFEC8-5C3F-4C7E-98A6-B65E1DE22682}.Release|x64.Build.0 = Release|x64
		{0E9F4403-1AA1-4824-A99F-041B1BF18D14}.Debug|Win32.ActiveCfg = Debug|Win32
		{0E9F4403-1AA1-4824-A99F-041B1BF18D14}.Debug|Win32.Build.0 = Debug|Win32
		{0E9F4403-1AA1-4824-A99F-041B1BF18D14}.Debug|x64.ActiveCfg = Debug|x64
		{0E9F4403-1AA1-4824-A99F-041B1BF18D14}.Debug|x64.Build.0 = Debug|x64
		{0E9F4403-1AA1-4824-A99F-041B1BF18D14}.Release|Win32.ActiveCfg = Release|Win32
		{0E9F4403-1AA1-4824-A99F-041B1BF18D14}.Release|Win32.Build.0 = Release|Win32
		{0E9F4403-1AA1-4824-A99F-041B1BF18D14}.Release|x64.ActiveCfg = Release|x64
		{0E9F4403-1AA1-4824-A99F-041B1BF18D14}.Release|x64.Build.0 = Release|x64
		{62156246-DCEA-4713-95E0-C01F595F1A20}.Debug|Win32.ActiveCfg = Debug|Win32
		{62156246-DCEA-4713-95E0-C01F595F1A20}.Debug|Win32.Build.0 = Debug|Win32
		{62156246-DCEA-4713-95E0-C01F595F1A20}.Debug|x64.ActiveCfg = Debug|x64
		{62156246-DCEA-4713-95E0-C01F595F1A20}.Debug|x64.Build.0 = Debug|x64
		{62156246-DCEA-4713-95E0-C01F595F1A20}.Release|Win32.ActiveCfg = Release|Win32
		{62156246-DCEA-4713-95E0-C01F595F1A20}.Release|Win32.Build.0 = Release|Win32
		{62156246-DCEA-4713-95E0-C01F595F1A20}.Release|x64.ActiveCfg = Release|x64
		{62156246-DCEA-4713-95E0-C01F595F1A20}.Release|x64.Build.0 = Release|x64
		{86C1D2C7-C961-4017-88E8-63D0BCCBD0D5}.Debug|Win32.ActiveCfg = Debug|Win32
		{86C1D2C7-C961-4017-88E8-63D0BCCBD0D5}.Debug|Win32.Build.0 = Debug|Win32
		{86C1D2C7-C961-4017-88E8-63D0BCCBD0D5}.Debug|x64.ActiveCfg = Debug|x64
		{86C1D2C7-C961-4017-88E8-63D0BCCBD0D5}.Debug|x64.Build.0 = Debug|x64
		{86C1D2C7-C961-4017-88E8-63D0BCCBD0D5}.Release|Win32.ActiveCfg = Release|Win32
		{86C1D2C7-C961-4017-88E8-63D0BCCBD0D5}.Release|Win32.Build.0 = Release|Win32
		{86C1D2C7-C961-4017-88E8-63D0BCCBD0D5}.Release|x64.ActiveCfg = Release|x64
		{86C1D2C7-C961-4017-88E8-63D0BCCBD0D5}.Release|x64.Build.0 = Release|x64
		{E46C11C7-5924-4F7C-B82E-5BEB8856A8BC}.Debug|Win32.ActiveCfg = Debug|Win32
		{E46C11C7-5924-4F7C-B82E-5BEB8856A8BC}.Debug|Win32.Build.0 = Debug|Win32
		{E46C11C7-5924-4F7C-B82E-5BEB8856A8BC}.Debug|x64.ActiveCfg = Debug|x64
		{E46C11C7-5924-4F7C-B82E-5BEB8856A8BC}.Debug|x64.Build.0 = Debug|x64
		{E46C11C7-5924-4F7C-B82E-5BEB8856A8BC}.Release|Win32.ActiveCfg = Release|Win32
		{E46C11C7-5924-4F7C-B82E-5BEB8856A8BC}.Release|Win32.Build.0 = Release|Win32
		{E46C11C7-5924-4F7C-B82E-5BEB8856A8BC}.Release|x64.ActiveCfg = Release|x64
		{E46C11C7-5924-4F7C-B82E-5BEB8856A8BC}.Release|x64.Build.0 = Release|x64
	EndGlobalSection
	GlobalSection(SolutionProperties) = preSolution
		HideSolutionNode = FALSE
	EndGlobalSection
EndGlobal
