Microsoft Visual Studio Solution File, Format Version 8.00
Project("{8BC9CEB8-8B4A-11D0-8D11-00A0C91BC942}") = "M", "M.vcproj", "{1515C8EB-5C72-43DF-9D3A-0703F155F268}"
	ProjectSection(ProjectDependencies) = postProject
		{0E9F4403-1AA1-4824-A99F-041B1BF18D14} = {0E9F4403-1AA1-4824-A99F-041B1BF18D14}
		{458FA00B-681B-46F2-9C32-FB717D4D4609} = {458FA00B-681B-46F2-9C32-FB717D4D4609}
		{18A0EF1F-2476-46F9-936F-A6B46274FA7A} = {18A0EF1F-2476-46F9-936F-A6B46274FA7A}
		{C1814137-3DDE-4ADC-876B-EAA86E2900AC} = {C1814137-3DDE-4ADC-876B-EAA86E2900AC}
		{62156246-DCEA-4713-95E0-C01F595F1A20} = {62156246-DCEA-4713-95E0-C01F595F1A20}
		{390CE24E-8BF0-4606-B218-BE13AF7C0160} = {390CE24E-8BF0-4606-B218-BE13AF7C0160}
		{4D31FA55-B643-4CB3-A8F5-5AA5179317F3} = {4D31FA55-B643-4CB3-A8F5-5AA5179317F3}
		{F41FC06D-BF41-4A39-A4B6-9FCD6B4FFAFE} = {F41FC06D-BF41-4A39-A4B6-9FCD6B4FFAFE}
		{9F67E589-0373-4100-81E4-AC7D3328BAAF} = {9F67E589-0373-4100-81E4-AC7D3328BAAF}
		{0B20B2A1-6D5F-4366-9154-6995152A07EC} = {0B20B2A1-6D5F-4366-9154-6995152A07EC}
		{62C959C3-EC09-4323-9FB8-DC39A4428CAE} = {62C959C3-EC09-4323-9FB8-DC39A4428CAE}
		{E46C11C7-5924-4F7C-B82E-5BEB8856A8BC} = {E46C11C7-5924-4F7C-B82E-5BEB8856A8BC}
		{86C1D2C7-C961-4017-88E8-63D0BCCBD0D5} = {86C1D2C7-C961-4017-88E8-63D0BCCBD0D5}
		{457CFEC8-5C3F-4C7E-98A6-B65E1DE22682} = {457CFEC8-5C3F-4C7E-98A6-B65E1DE22682}
		{03CC77E1-56F2-4536-9578-1DC4D858DC16} = {03CC77E1-56F2-4536-9578-1DC4D858DC16}
		{8C0797F8-5B9F-4B33-957B-01552CD9F2DE} = {8C0797F8-5B9F-4B33-957B-01552CD9F2DE}
		{461C65F9-FD63-4262-8AAB-578E9E0EC485} = {461C65F9-FD63-4262-8AAB-578E9E0EC485}
	EndProjectSection
EndProject
Project("{8BC9CEB8-8B4A-11D0-8D11-00A0C91BC942}") = "base", "L:\wx\HEAD\build\msw\wx_vc7_base.vcproj", "{03CC77E1-56F2-4536-9578-1DC4D858DC16}"
	ProjectSection(ProjectDependencies) = postProject
	EndProjectSection
EndProject
Project("{8BC9CEB8-8B4A-11D0-8D11-00A0C91BC942}") = "adv", "L:\wx\HEAD\build\msw\wx_vc7_adv.vcproj", "{390CE24E-8BF0-4606-B218-BE13AF7C0160}"
	ProjectSection(ProjectDependencies) = postProject
	EndProjectSection
EndProject
Project("{8BC9CEB8-8B4A-11D0-8D11-00A0C91BC942}") = "html", "L:\wx\HEAD\build\msw\wx_vc7_html.vcproj", "{458FA00B-681B-46F2-9C32-FB717D4D4609}"
	ProjectSection(ProjectDependencies) = postProject
	EndProjectSection
EndProject
Project("{8BC9CEB8-8B4A-11D0-8D11-00A0C91BC942}") = "wxjpeg", "L:\wx\HEAD\build\msw\wx_vc7_wxjpeg.vcproj", "{9F67E589-0373-4100-81E4-AC7D3328BAAF}"
	ProjectSection(ProjectDependencies) = postProject
	EndProjectSection
EndProject
Project("{8BC9CEB8-8B4A-11D0-8D11-00A0C91BC942}") = "wxregex", "L:\wx\HEAD\build\msw\wx_vc7_wxregex.vcproj", "{F41FC06D-BF41-4A39-A4B6-9FCD6B4FFAFE}"
	ProjectSection(ProjectDependencies) = postProject
	EndProjectSection
EndProject
Project("{8BC9CEB8-8B4A-11D0-8D11-00A0C91BC942}") = "wxtiff", "L:\wx\HEAD\build\msw\wx_vc7_wxtiff.vcproj", "{C1814137-3DDE-4ADC-876B-EAA86E2900AC}"
	ProjectSection(ProjectDependencies) = postProject
	EndProjectSection
EndProject
Project("{8BC9CEB8-8B4A-11D0-8D11-00A0C91BC942}") = "wxzlib", "L:\wx\HEAD\build\msw\wx_vc7_wxzlib.vcproj", "{18A0EF1F-2476-46F9-936F-A6B46274FA7A}"
	ProjectSection(ProjectDependencies) = postProject
	EndProjectSection
EndProject
Project("{8BC9CEB8-8B4A-11D0-8D11-00A0C91BC942}") = "imap", "lib\imap\imap.vcproj", "{457CFEC8-5C3F-4C7E-98A6-B65E1DE22682}"
	ProjectSection(ProjectDependencies) = postProject
		{86C1D2C7-C961-4017-88E8-63D0BCCBD0D5} = {86C1D2C7-C961-4017-88E8-63D0BCCBD0D5}
	EndProjectSection
EndProject
Project("{8BC9CEB8-8B4A-11D0-8D11-00A0C91BC942}") = "wxpng", "L:\wx\HEAD\build\msw\wx_vc7_wxpng.vcproj", "{62C959C3-EC09-4323-9FB8-DC39A4428CAE}"
	ProjectSection(ProjectDependencies) = postProject
	EndProjectSection
EndProject
Project("{8BC9CEB8-8B4A-11D0-8D11-00A0C91BC942}") = "compface", "lib\compface\compface.vcproj", "{0E9F4403-1AA1-4824-A99F-041B1BF18D14}"
	ProjectSection(ProjectDependencies) = postProject
	EndProjectSection
EndProject
Project("{8BC9CEB8-8B4A-11D0-8D11-00A0C91BC942}") = "dspam", "lib\dspam\dspam.vcproj", "{62156246-DCEA-4713-95E0-C01F595F1A20}"
	ProjectSection(ProjectDependencies) = postProject
	EndProjectSection
EndProject
Project("{8BC9CEB8-8B4A-11D0-8D11-00A0C91BC942}") = "core", "L:\wx\HEAD\build\msw\wx_vc7_core.vcproj", "{8C0797F8-5B9F-4B33-957B-01552CD9F2DE}"
	ProjectSection(ProjectDependencies) = postProject
	EndProjectSection
EndProject
Project("{8BC9CEB8-8B4A-11D0-8D11-00A0C91BC942}") = "net", "L:\wx\HEAD\build\msw\wx_vc7_net.vcproj", "{461C65F9-FD63-4262-8AAB-578E9E0EC485}"
	ProjectSection(ProjectDependencies) = postProject
	EndProjectSection
EndProject
Project("{8BC9CEB8-8B4A-11D0-8D11-00A0C91BC942}") = "qa", "L:\wx\HEAD\build\msw\wx_vc7_qa.vcproj", "{0B20B2A1-6D5F-4366-9154-6995152A07EC}"
	ProjectSection(ProjectDependencies) = postProject
	EndProjectSection
EndProject
Project("{8BC9CEB8-8B4A-11D0-8D11-00A0C91BC942}") = "xml", "L:\wx\HEAD\build\msw\wx_vc7_xml.vcproj", "{4D31FA55-B643-4CB3-A8F5-5AA5179317F3}"
	ProjectSection(ProjectDependencies) = postProject
	EndProjectSection
EndProject
Project("{8BC9CEB8-8B4A-11D0-8D11-00A0C91BC942}") = "config", "Mconfig.vcproj", "{86C1D2C7-C961-4017-88E8-63D0BCCBD0D5}"
	ProjectSection(ProjectDependencies) = postProject
	EndProjectSection
EndProject
Project("{8BC9CEB8-8B4A-11D0-8D11-00A0C91BC942}") = "versit", "src\wx\vcard\versit.vcproj", "{E46C11C7-5924-4F7C-B82E-5BEB8856A8BC}"
	ProjectSection(ProjectDependencies) = postProject
	EndProjectSection
EndProject
Global
	GlobalSection(SolutionConfiguration) = preSolution
		Debug = Debug
		Release = Release
		Unicode Debug = Unicode Debug
		Unicode Release = Unicode Release
	EndGlobalSection
	GlobalSection(ProjectConfiguration) = postSolution
		{1515C8EB-5C72-43DF-9D3A-0703F155F268}.Debug.ActiveCfg = Debug|Win32
		{1515C8EB-5C72-43DF-9D3A-0703F155F268}.Debug.Build.0 = Debug|Win32
		{1515C8EB-5C72-43DF-9D3A-0703F155F268}.Release.ActiveCfg = Release|Win32
		{1515C8EB-5C72-43DF-9D3A-0703F155F268}.Release.Build.0 = Release|Win32
		{1515C8EB-5C72-43DF-9D3A-0703F155F268}.Unicode Debug.ActiveCfg = Unicode Debug|Win32
		{1515C8EB-5C72-43DF-9D3A-0703F155F268}.Unicode Debug.Build.0 = Unicode Debug|Win32
		{1515C8EB-5C72-43DF-9D3A-0703F155F268}.Unicode Release.ActiveCfg = Unicode Release|Win32
		{1515C8EB-5C72-43DF-9D3A-0703F155F268}.Unicode Release.Build.0 = Unicode Release|Win32
		{03CC77E1-56F2-4536-9578-1DC4D858DC16}.Debug.ActiveCfg = Debug|Win32
		{03CC77E1-56F2-4536-9578-1DC4D858DC16}.Debug.Build.0 = Debug|Win32
		{03CC77E1-56F2-4536-9578-1DC4D858DC16}.Release.ActiveCfg = Release|Win32
		{03CC77E1-56F2-4536-9578-1DC4D858DC16}.Release.Build.0 = Release|Win32
		{03CC77E1-56F2-4536-9578-1DC4D858DC16}.Unicode Debug.ActiveCfg = Debug|Win32
		{03CC77E1-56F2-4536-9578-1DC4D858DC16}.Unicode Debug.Build.0 = Debug|Win32
		{03CC77E1-56F2-4536-9578-1DC4D858DC16}.Unicode Release.ActiveCfg = Unicode Release|Win32
		{03CC77E1-56F2-4536-9578-1DC4D858DC16}.Unicode Release.Build.0 = Unicode Release|Win32
		{390CE24E-8BF0-4606-B218-BE13AF7C0160}.Debug.ActiveCfg = Debug|Win32
		{390CE24E-8BF0-4606-B218-BE13AF7C0160}.Debug.Build.0 = Debug|Win32
		{390CE24E-8BF0-4606-B218-BE13AF7C0160}.Release.ActiveCfg = Release|Win32
		{390CE24E-8BF0-4606-B218-BE13AF7C0160}.Release.Build.0 = Release|Win32
		{390CE24E-8BF0-4606-B218-BE13AF7C0160}.Unicode Debug.ActiveCfg = Debug|Win32
		{390CE24E-8BF0-4606-B218-BE13AF7C0160}.Unicode Debug.Build.0 = Debug|Win32
		{390CE24E-8BF0-4606-B218-BE13AF7C0160}.Unicode Release.ActiveCfg = Unicode Release|Win32
		{390CE24E-8BF0-4606-B218-BE13AF7C0160}.Unicode Release.Build.0 = Unicode Release|Win32
		{458FA00B-681B-46F2-9C32-FB717D4D4609}.Debug.ActiveCfg = Debug|Win32
		{458FA00B-681B-46F2-9C32-FB717D4D4609}.Debug.Build.0 = Debug|Win32
		{458FA00B-681B-46F2-9C32-FB717D4D4609}.Release.ActiveCfg = Release|Win32
		{458FA00B-681B-46F2-9C32-FB717D4D4609}.Release.Build.0 = Release|Win32
		{458FA00B-681B-46F2-9C32-FB717D4D4609}.Unicode Debug.ActiveCfg = Debug|Win32
		{458FA00B-681B-46F2-9C32-FB717D4D4609}.Unicode Debug.Build.0 = Debug|Win32
		{458FA00B-681B-46F2-9C32-FB717D4D4609}.Unicode Release.ActiveCfg = Unicode Release|Win32
		{458FA00B-681B-46F2-9C32-FB717D4D4609}.Unicode Release.Build.0 = Unicode Release|Win32
		{9F67E589-0373-4100-81E4-AC7D3328BAAF}.Debug.ActiveCfg = Debug|Win32
		{9F67E589-0373-4100-81E4-AC7D3328BAAF}.Debug.Build.0 = Debug|Win32
		{9F67E589-0373-4100-81E4-AC7D3328BAAF}.Release.ActiveCfg = Release|Win32
		{9F67E589-0373-4100-81E4-AC7D3328BAAF}.Release.Build.0 = Release|Win32
		{9F67E589-0373-4100-81E4-AC7D3328BAAF}.Unicode Debug.ActiveCfg = Debug|Win32
		{9F67E589-0373-4100-81E4-AC7D3328BAAF}.Unicode Debug.Build.0 = Debug|Win32
		{9F67E589-0373-4100-81E4-AC7D3328BAAF}.Unicode Release.ActiveCfg = Unicode Release|Win32
		{9F67E589-0373-4100-81E4-AC7D3328BAAF}.Unicode Release.Build.0 = Unicode Release|Win32
		{F41FC06D-BF41-4A39-A4B6-9FCD6B4FFAFE}.Debug.ActiveCfg = Debug|Win32
		{F41FC06D-BF41-4A39-A4B6-9FCD6B4FFAFE}.Debug.Build.0 = Debug|Win32
		{F41FC06D-BF41-4A39-A4B6-9FCD6B4FFAFE}.Release.ActiveCfg = Release|Win32
		{F41FC06D-BF41-4A39-A4B6-9FCD6B4FFAFE}.Release.Build.0 = Release|Win32
		{F41FC06D-BF41-4A39-A4B6-9FCD6B4FFAFE}.Unicode Debug.ActiveCfg = Debug|Win32
		{F41FC06D-BF41-4A39-A4B6-9FCD6B4FFAFE}.Unicode Debug.Build.0 = Debug|Win32
		{F41FC06D-BF41-4A39-A4B6-9FCD6B4FFAFE}.Unicode Release.ActiveCfg = Unicode Release|Win32
		{F41FC06D-BF41-4A39-A4B6-9FCD6B4FFAFE}.Unicode Release.Build.0 = Unicode Release|Win32
		{C1814137-3DDE-4ADC-876B-EAA86E2900AC}.Debug.ActiveCfg = Debug|Win32
		{C1814137-3DDE-4ADC-876B-EAA86E2900AC}.Debug.Build.0 = Debug|Win32
		{C1814137-3DDE-4ADC-876B-EAA86E2900AC}.Release.ActiveCfg = Release|Win32
		{C1814137-3DDE-4ADC-876B-EAA86E2900AC}.Release.Build.0 = Release|Win32
		{C1814137-3DDE-4ADC-876B-EAA86E2900AC}.Unicode Debug.ActiveCfg = Debug|Win32
		{C1814137-3DDE-4ADC-876B-EAA86E2900AC}.Unicode Debug.Build.0 = Debug|Win32
		{C1814137-3DDE-4ADC-876B-EAA86E2900AC}.Unicode Release.ActiveCfg = Unicode Release|Win32
		{C1814137-3DDE-4ADC-876B-EAA86E2900AC}.Unicode Release.Build.0 = Unicode Release|Win32
		{18A0EF1F-2476-46F9-936F-A6B46274FA7A}.Debug.ActiveCfg = Debug|Win32
		{18A0EF1F-2476-46F9-936F-A6B46274FA7A}.Debug.Build.0 = Debug|Win32
		{18A0EF1F-2476-46F9-936F-A6B46274FA7A}.Release.ActiveCfg = Release|Win32
		{18A0EF1F-2476-46F9-936F-A6B46274FA7A}.Release.Build.0 = Release|Win32
		{18A0EF1F-2476-46F9-936F-A6B46274FA7A}.Unicode Debug.ActiveCfg = Debug|Win32
		{18A0EF1F-2476-46F9-936F-A6B46274FA7A}.Unicode Debug.Build.0 = Debug|Win32
		{18A0EF1F-2476-46F9-936F-A6B46274FA7A}.Unicode Release.ActiveCfg = Unicode Release|Win32
		{18A0EF1F-2476-46F9-936F-A6B46274FA7A}.Unicode Release.Build.0 = Unicode Release|Win32
		{457CFEC8-5C3F-4C7E-98A6-B65E1DE22682}.Debug.ActiveCfg = Debug|Win32
		{457CFEC8-5C3F-4C7E-98A6-B65E1DE22682}.Debug.Build.0 = Debug|Win32
		{457CFEC8-5C3F-4C7E-98A6-B65E1DE22682}.Release.ActiveCfg = Release|Win32
		{457CFEC8-5C3F-4C7E-98A6-B65E1DE22682}.Release.Build.0 = Release|Win32
		{457CFEC8-5C3F-4C7E-98A6-B65E1DE22682}.Unicode Debug.ActiveCfg = Debug|Win32
		{457CFEC8-5C3F-4C7E-98A6-B65E1DE22682}.Unicode Debug.Build.0 = Debug|Win32
		{457CFEC8-5C3F-4C7E-98A6-B65E1DE22682}.Unicode Release.ActiveCfg = Release|Win32
		{457CFEC8-5C3F-4C7E-98A6-B65E1DE22682}.Unicode Release.Build.0 = Release|Win32
		{62C959C3-EC09-4323-9FB8-DC39A4428CAE}.Debug.ActiveCfg = Debug|Win32
		{62C959C3-EC09-4323-9FB8-DC39A4428CAE}.Debug.Build.0 = Debug|Win32
		{62C959C3-EC09-4323-9FB8-DC39A4428CAE}.Release.ActiveCfg = Release|Win32
		{62C959C3-EC09-4323-9FB8-DC39A4428CAE}.Release.Build.0 = Release|Win32
		{62C959C3-EC09-4323-9FB8-DC39A4428CAE}.Unicode Debug.ActiveCfg = Debug|Win32
		{62C959C3-EC09-4323-9FB8-DC39A4428CAE}.Unicode Debug.Build.0 = Debug|Win32
		{62C959C3-EC09-4323-9FB8-DC39A4428CAE}.Unicode Release.ActiveCfg = Unicode Release|Win32
		{62C959C3-EC09-4323-9FB8-DC39A4428CAE}.Unicode Release.Build.0 = Unicode Release|Win32
		{0E9F4403-1AA1-4824-A99F-041B1BF18D14}.Debug.ActiveCfg = Debug|Win32
		{0E9F4403-1AA1-4824-A99F-041B1BF18D14}.Debug.Build.0 = Debug|Win32
		{0E9F4403-1AA1-4824-A99F-041B1BF18D14}.Release.ActiveCfg = Release|Win32
		{0E9F4403-1AA1-4824-A99F-041B1BF18D14}.Release.Build.0 = Release|Win32
		{0E9F4403-1AA1-4824-A99F-041B1BF18D14}.Unicode Debug.ActiveCfg = Debug|Win32
		{0E9F4403-1AA1-4824-A99F-041B1BF18D14}.Unicode Debug.Build.0 = Debug|Win32
		{0E9F4403-1AA1-4824-A99F-041B1BF18D14}.Unicode Release.ActiveCfg = Release|Win32
		{0E9F4403-1AA1-4824-A99F-041B1BF18D14}.Unicode Release.Build.0 = Release|Win32
		{62156246-DCEA-4713-95E0-C01F595F1A20}.Debug.ActiveCfg = Debug|Win32
		{62156246-DCEA-4713-95E0-C01F595F1A20}.Debug.Build.0 = Debug|Win32
		{62156246-DCEA-4713-95E0-C01F595F1A20}.Release.ActiveCfg = Release|Win32
		{62156246-DCEA-4713-95E0-C01F595F1A20}.Release.Build.0 = Release|Win32
		{62156246-DCEA-4713-95E0-C01F595F1A20}.Unicode Debug.ActiveCfg = Debug|Win32
		{62156246-DCEA-4713-95E0-C01F595F1A20}.Unicode Debug.Build.0 = Debug|Win32
		{62156246-DCEA-4713-95E0-C01F595F1A20}.Unicode Release.ActiveCfg = Release|Win32
		{62156246-DCEA-4713-95E0-C01F595F1A20}.Unicode Release.Build.0 = Release|Win32
		{8C0797F8-5B9F-4B33-957B-01552CD9F2DE}.Debug.ActiveCfg = Debug|Win32
		{8C0797F8-5B9F-4B33-957B-01552CD9F2DE}.Debug.Build.0 = Debug|Win32
		{8C0797F8-5B9F-4B33-957B-01552CD9F2DE}.Release.ActiveCfg = Release|Win32
		{8C0797F8-5B9F-4B33-957B-01552CD9F2DE}.Release.Build.0 = Release|Win32
		{8C0797F8-5B9F-4B33-957B-01552CD9F2DE}.Unicode Debug.ActiveCfg = Debug|Win32
		{8C0797F8-5B9F-4B33-957B-01552CD9F2DE}.Unicode Debug.Build.0 = Debug|Win32
		{8C0797F8-5B9F-4B33-957B-01552CD9F2DE}.Unicode Release.ActiveCfg = Unicode Release|Win32
		{8C0797F8-5B9F-4B33-957B-01552CD9F2DE}.Unicode Release.Build.0 = Unicode Release|Win32
		{461C65F9-FD63-4262-8AAB-578E9E0EC485}.Debug.ActiveCfg = Debug|Win32
		{461C65F9-FD63-4262-8AAB-578E9E0EC485}.Debug.Build.0 = Debug|Win32
		{461C65F9-FD63-4262-8AAB-578E9E0EC485}.Release.ActiveCfg = Release|Win32
		{461C65F9-FD63-4262-8AAB-578E9E0EC485}.Release.Build.0 = Release|Win32
		{461C65F9-FD63-4262-8AAB-578E9E0EC485}.Unicode Debug.ActiveCfg = Debug|Win32
		{461C65F9-FD63-4262-8AAB-578E9E0EC485}.Unicode Debug.Build.0 = Debug|Win32
		{461C65F9-FD63-4262-8AAB-578E9E0EC485}.Unicode Release.ActiveCfg = Unicode Release|Win32
		{461C65F9-FD63-4262-8AAB-578E9E0EC485}.Unicode Release.Build.0 = Unicode Release|Win32
		{0B20B2A1-6D5F-4366-9154-6995152A07EC}.Debug.ActiveCfg = Debug|Win32
		{0B20B2A1-6D5F-4366-9154-6995152A07EC}.Debug.Build.0 = Debug|Win32
		{0B20B2A1-6D5F-4366-9154-6995152A07EC}.Release.ActiveCfg = Release|Win32
		{0B20B2A1-6D5F-4366-9154-6995152A07EC}.Release.Build.0 = Release|Win32
		{0B20B2A1-6D5F-4366-9154-6995152A07EC}.Unicode Debug.ActiveCfg = Debug|Win32
		{0B20B2A1-6D5F-4366-9154-6995152A07EC}.Unicode Debug.Build.0 = Debug|Win32
		{0B20B2A1-6D5F-4366-9154-6995152A07EC}.Unicode Release.ActiveCfg = Unicode Release|Win32
		{0B20B2A1-6D5F-4366-9154-6995152A07EC}.Unicode Release.Build.0 = Unicode Release|Win32
		{4D31FA55-B643-4CB3-A8F5-5AA5179317F3}.Debug.ActiveCfg = Debug|Win32
		{4D31FA55-B643-4CB3-A8F5-5AA5179317F3}.Debug.Build.0 = Debug|Win32
		{4D31FA55-B643-4CB3-A8F5-5AA5179317F3}.Release.ActiveCfg = Release|Win32
		{4D31FA55-B643-4CB3-A8F5-5AA5179317F3}.Release.Build.0 = Release|Win32
		{4D31FA55-B643-4CB3-A8F5-5AA5179317F3}.Unicode Debug.ActiveCfg = Debug|Win32
		{4D31FA55-B643-4CB3-A8F5-5AA5179317F3}.Unicode Debug.Build.0 = Debug|Win32
		{4D31FA55-B643-4CB3-A8F5-5AA5179317F3}.Unicode Release.ActiveCfg = Unicode Release|Win32
		{4D31FA55-B643-4CB3-A8F5-5AA5179317F3}.Unicode Release.Build.0 = Unicode Release|Win32
		{86C1D2C7-C961-4017-88E8-63D0BCCBD0D5}.Debug.ActiveCfg = Debug|Win32
		{86C1D2C7-C961-4017-88E8-63D0BCCBD0D5}.Debug.Build.0 = Debug|Win32
		{86C1D2C7-C961-4017-88E8-63D0BCCBD0D5}.Release.ActiveCfg = Release|Win32
		{86C1D2C7-C961-4017-88E8-63D0BCCBD0D5}.Release.Build.0 = Release|Win32
		{86C1D2C7-C961-4017-88E8-63D0BCCBD0D5}.Unicode Debug.ActiveCfg = Debug|Win32
		{86C1D2C7-C961-4017-88E8-63D0BCCBD0D5}.Unicode Debug.Build.0 = Debug|Win32
		{86C1D2C7-C961-4017-88E8-63D0BCCBD0D5}.Unicode Release.ActiveCfg = Release|Win32
		{86C1D2C7-C961-4017-88E8-63D0BCCBD0D5}.Unicode Release.Build.0 = Release|Win32
		{E46C11C7-5924-4F7C-B82E-5BEB8856A8BC}.Debug.ActiveCfg = Debug|Win32
		{E46C11C7-5924-4F7C-B82E-5BEB8856A8BC}.Debug.Build.0 = Debug|Win32
		{E46C11C7-5924-4F7C-B82E-5BEB8856A8BC}.Release.ActiveCfg = Release|Win32
		{E46C11C7-5924-4F7C-B82E-5BEB8856A8BC}.Release.Build.0 = Release|Win32
		{E46C11C7-5924-4F7C-B82E-5BEB8856A8BC}.Unicode Debug.ActiveCfg = Debug|Win32
		{E46C11C7-5924-4F7C-B82E-5BEB8856A8BC}.Unicode Debug.Build.0 = Debug|Win32
		{E46C11C7-5924-4F7C-B82E-5BEB8856A8BC}.Unicode Release.ActiveCfg = Release|Win32
		{E46C11C7-5924-4F7C-B82E-5BEB8856A8BC}.Unicode Release.Build.0 = Release|Win32
	EndGlobalSection
	GlobalSection(ExtensibilityGlobals) = postSolution
	EndGlobalSection
	GlobalSection(ExtensibilityAddIns) = postSolution
	EndGlobalSection
EndGlobal
