Microsoft Visual Studio Solution File, Format Version 8.00
Project("{8BC9CEB8-8B4A-11D0-8D11-00A0C91BC942}") = "cclient", "extra\src\c-client\cclient.vcproj", "{DD8EAD77-E8D6-4739-A8B4-15AD1F5370DE}"
	ProjectSection(ProjectDependencies) = postProject
		{37CF7A4F-85AD-4ABA-ACBF-C74B57FD00BD} = {37CF7A4F-85AD-4ABA-ACBF-C74B57FD00BD}
	EndProjectSection
EndProject
Project("{8BC9CEB8-8B4A-11D0-8D11-00A0C91BC942}") = "compface", "extra\src\compface\compface.vcproj", "{9DDA3E7C-5E07-4FBE-922A-948E56D64DED}"
	ProjectSection(ProjectDependencies) = postProject
	EndProjectSection
EndProject
Project("{8BC9CEB8-8B4A-11D0-8D11-00A0C91BC942}") = "config", "Mconfig.vcproj", "{37CF7A4F-85AD-4ABA-ACBF-C74B57FD00BD}"
	ProjectSection(ProjectDependencies) = postProject
	EndProjectSection
EndProject
Project("{8BC9CEB8-8B4A-11D0-8D11-00A0C91BC942}") = "versit", "src\wx\vcard\versit.vcproj", "{29762E85-8337-4F66-9698-267A1620EF8D}"
	ProjectSection(ProjectDependencies) = postProject
	EndProjectSection
EndProject
Project("{8BC9CEB8-8B4A-11D0-8D11-00A0C91BC942}") = "core", "..\wxWindows\build\msw\wx_core.vcproj", "{F2B7FF00-309B-4D13-A6AD-C33D302C2CC2}"
	ProjectSection(ProjectDependencies) = postProject
	EndProjectSection
EndProject
Project("{8BC9CEB8-8B4A-11D0-8D11-00A0C91BC942}") = "base", "..\wxWindows\build\msw\wx_base.vcproj", "{10B33C50-293F-4352-8846-9287E1DB4C69}"
	ProjectSection(ProjectDependencies) = postProject
	EndProjectSection
EndProject
Project("{8BC9CEB8-8B4A-11D0-8D11-00A0C91BC942}") = "M", "M.vcproj", "{1515C8EB-5C72-43DF-9D3A-0703F155F268}"
	ProjectSection(ProjectDependencies) = postProject
	EndProjectSection
EndProject
Global
	GlobalSection(SolutionConfiguration) = preSolution
		Debug = Debug
		Debug DLL = Debug DLL
		Debug Unicode = Debug Unicode
		Debug Unicode DLL = Debug Unicode DLL
		DLL Debug = DLL Debug
		DLL Release = DLL Release
		DLL Unicode Debug = DLL Unicode Debug
		DLL Unicode Release = DLL Unicode Release
		DLL Universal Debug = DLL Universal Debug
		DLL Universal Release = DLL Universal Release
		DLL Universal Unicode Debug = DLL Universal Unicode Debug
		DLL Universal Unicode Release = DLL Universal Unicode Release
		Release = Release
		Release DLL = Release DLL
		Release Unicode = Release Unicode
		Release Unicode DLL = Release Unicode DLL
		Release With Debug Info = Release With Debug Info
		Unicode Debug = Unicode Debug
		Unicode Release = Unicode Release
		Universal Debug = Universal Debug
		Universal Release = Universal Release
		Universal Unicode Debug = Universal Unicode Debug
		Universal Unicode Release = Universal Unicode Release
	EndGlobalSection
	GlobalSection(ProjectConfiguration) = postSolution
		{DD8EAD77-E8D6-4739-A8B4-15AD1F5370DE}.Debug.ActiveCfg = Debug|Win32
		{DD8EAD77-E8D6-4739-A8B4-15AD1F5370DE}.Debug.Build.0 = Debug|Win32
		{DD8EAD77-E8D6-4739-A8B4-15AD1F5370DE}.Debug DLL.ActiveCfg = Debug|Win32
		{DD8EAD77-E8D6-4739-A8B4-15AD1F5370DE}.Debug DLL.Build.0 = Debug|Win32
		{DD8EAD77-E8D6-4739-A8B4-15AD1F5370DE}.Debug Unicode.ActiveCfg = Debug|Win32
		{DD8EAD77-E8D6-4739-A8B4-15AD1F5370DE}.Debug Unicode.Build.0 = Debug|Win32
		{DD8EAD77-E8D6-4739-A8B4-15AD1F5370DE}.Debug Unicode DLL.ActiveCfg = Debug|Win32
		{DD8EAD77-E8D6-4739-A8B4-15AD1F5370DE}.Debug Unicode DLL.Build.0 = Debug|Win32
		{DD8EAD77-E8D6-4739-A8B4-15AD1F5370DE}.DLL Debug.ActiveCfg = Debug|Win32
		{DD8EAD77-E8D6-4739-A8B4-15AD1F5370DE}.DLL Debug.Build.0 = Debug|Win32
		{DD8EAD77-E8D6-4739-A8B4-15AD1F5370DE}.DLL Release.ActiveCfg = Release|Win32
		{DD8EAD77-E8D6-4739-A8B4-15AD1F5370DE}.DLL Release.Build.0 = Release|Win32
		{DD8EAD77-E8D6-4739-A8B4-15AD1F5370DE}.DLL Unicode Debug.ActiveCfg = Debug|Win32
		{DD8EAD77-E8D6-4739-A8B4-15AD1F5370DE}.DLL Unicode Debug.Build.0 = Debug|Win32
		{DD8EAD77-E8D6-4739-A8B4-15AD1F5370DE}.DLL Unicode Release.ActiveCfg = Release|Win32
		{DD8EAD77-E8D6-4739-A8B4-15AD1F5370DE}.DLL Unicode Release.Build.0 = Release|Win32
		{DD8EAD77-E8D6-4739-A8B4-15AD1F5370DE}.DLL Universal Debug.ActiveCfg = Debug|Win32
		{DD8EAD77-E8D6-4739-A8B4-15AD1F5370DE}.DLL Universal Debug.Build.0 = Debug|Win32
		{DD8EAD77-E8D6-4739-A8B4-15AD1F5370DE}.DLL Universal Release.ActiveCfg = Release|Win32
		{DD8EAD77-E8D6-4739-A8B4-15AD1F5370DE}.DLL Universal Release.Build.0 = Release|Win32
		{DD8EAD77-E8D6-4739-A8B4-15AD1F5370DE}.DLL Universal Unicode Debug.ActiveCfg = Debug|Win32
		{DD8EAD77-E8D6-4739-A8B4-15AD1F5370DE}.DLL Universal Unicode Debug.Build.0 = Debug|Win32
		{DD8EAD77-E8D6-4739-A8B4-15AD1F5370DE}.DLL Universal Unicode Release.ActiveCfg = Release|Win32
		{DD8EAD77-E8D6-4739-A8B4-15AD1F5370DE}.DLL Universal Unicode Release.Build.0 = Release|Win32
		{DD8EAD77-E8D6-4739-A8B4-15AD1F5370DE}.Release.ActiveCfg = Release|Win32
		{DD8EAD77-E8D6-4739-A8B4-15AD1F5370DE}.Release.Build.0 = Release|Win32
		{DD8EAD77-E8D6-4739-A8B4-15AD1F5370DE}.Release DLL.ActiveCfg = Release|Win32
		{DD8EAD77-E8D6-4739-A8B4-15AD1F5370DE}.Release DLL.Build.0 = Release|Win32
		{DD8EAD77-E8D6-4739-A8B4-15AD1F5370DE}.Release Unicode.ActiveCfg = Release|Win32
		{DD8EAD77-E8D6-4739-A8B4-15AD1F5370DE}.Release Unicode.Build.0 = Release|Win32
		{DD8EAD77-E8D6-4739-A8B4-15AD1F5370DE}.Release Unicode DLL.ActiveCfg = Release|Win32
		{DD8EAD77-E8D6-4739-A8B4-15AD1F5370DE}.Release Unicode DLL.Build.0 = Release|Win32
		{DD8EAD77-E8D6-4739-A8B4-15AD1F5370DE}.Release With Debug Info.ActiveCfg = Release|Win32
		{DD8EAD77-E8D6-4739-A8B4-15AD1F5370DE}.Release With Debug Info.Build.0 = Release|Win32
		{DD8EAD77-E8D6-4739-A8B4-15AD1F5370DE}.Unicode Debug.ActiveCfg = Debug|Win32
		{DD8EAD77-E8D6-4739-A8B4-15AD1F5370DE}.Unicode Debug.Build.0 = Debug|Win32
		{DD8EAD77-E8D6-4739-A8B4-15AD1F5370DE}.Unicode Release.ActiveCfg = Release|Win32
		{DD8EAD77-E8D6-4739-A8B4-15AD1F5370DE}.Unicode Release.Build.0 = Release|Win32
		{DD8EAD77-E8D6-4739-A8B4-15AD1F5370DE}.Universal Debug.ActiveCfg = Debug|Win32
		{DD8EAD77-E8D6-4739-A8B4-15AD1F5370DE}.Universal Debug.Build.0 = Debug|Win32
		{DD8EAD77-E8D6-4739-A8B4-15AD1F5370DE}.Universal Release.ActiveCfg = Release|Win32
		{DD8EAD77-E8D6-4739-A8B4-15AD1F5370DE}.Universal Release.Build.0 = Release|Win32
		{DD8EAD77-E8D6-4739-A8B4-15AD1F5370DE}.Universal Unicode Debug.ActiveCfg = Debug|Win32
		{DD8EAD77-E8D6-4739-A8B4-15AD1F5370DE}.Universal Unicode Debug.Build.0 = Debug|Win32
		{DD8EAD77-E8D6-4739-A8B4-15AD1F5370DE}.Universal Unicode Release.ActiveCfg = Release|Win32
		{DD8EAD77-E8D6-4739-A8B4-15AD1F5370DE}.Universal Unicode Release.Build.0 = Release|Win32
		{9DDA3E7C-5E07-4FBE-922A-948E56D64DED}.Debug.ActiveCfg = Debug|Win32
		{9DDA3E7C-5E07-4FBE-922A-948E56D64DED}.Debug.Build.0 = Debug|Win32
		{9DDA3E7C-5E07-4FBE-922A-948E56D64DED}.Debug DLL.ActiveCfg = Debug|Win32
		{9DDA3E7C-5E07-4FBE-922A-948E56D64DED}.Debug DLL.Build.0 = Debug|Win32
		{9DDA3E7C-5E07-4FBE-922A-948E56D64DED}.Debug Unicode.ActiveCfg = Debug|Win32
		{9DDA3E7C-5E07-4FBE-922A-948E56D64DED}.Debug Unicode.Build.0 = Debug|Win32
		{9DDA3E7C-5E07-4FBE-922A-948E56D64DED}.Debug Unicode DLL.ActiveCfg = Debug|Win32
		{9DDA3E7C-5E07-4FBE-922A-948E56D64DED}.Debug Unicode DLL.Build.0 = Debug|Win32
		{9DDA3E7C-5E07-4FBE-922A-948E56D64DED}.DLL Debug.ActiveCfg = Debug|Win32
		{9DDA3E7C-5E07-4FBE-922A-948E56D64DED}.DLL Debug.Build.0 = Debug|Win32
		{9DDA3E7C-5E07-4FBE-922A-948E56D64DED}.DLL Release.ActiveCfg = Release|Win32
		{9DDA3E7C-5E07-4FBE-922A-948E56D64DED}.DLL Release.Build.0 = Release|Win32
		{9DDA3E7C-5E07-4FBE-922A-948E56D64DED}.DLL Unicode Debug.ActiveCfg = Debug|Win32
		{9DDA3E7C-5E07-4FBE-922A-948E56D64DED}.DLL Unicode Debug.Build.0 = Debug|Win32
		{9DDA3E7C-5E07-4FBE-922A-948E56D64DED}.DLL Unicode Release.ActiveCfg = Release|Win32
		{9DDA3E7C-5E07-4FBE-922A-948E56D64DED}.DLL Unicode Release.Build.0 = Release|Win32
		{9DDA3E7C-5E07-4FBE-922A-948E56D64DED}.DLL Universal Debug.ActiveCfg = Debug|Win32
		{9DDA3E7C-5E07-4FBE-922A-948E56D64DED}.DLL Universal Debug.Build.0 = Debug|Win32
		{9DDA3E7C-5E07-4FBE-922A-948E56D64DED}.DLL Universal Release.ActiveCfg = Release|Win32
		{9DDA3E7C-5E07-4FBE-922A-948E56D64DED}.DLL Universal Release.Build.0 = Release|Win32
		{9DDA3E7C-5E07-4FBE-922A-948E56D64DED}.DLL Universal Unicode Debug.ActiveCfg = Debug|Win32
		{9DDA3E7C-5E07-4FBE-922A-948E56D64DED}.DLL Universal Unicode Debug.Build.0 = Debug|Win32
		{9DDA3E7C-5E07-4FBE-922A-948E56D64DED}.DLL Universal Unicode Release.ActiveCfg = Release|Win32
		{9DDA3E7C-5E07-4FBE-922A-948E56D64DED}.DLL Universal Unicode Release.Build.0 = Release|Win32
		{9DDA3E7C-5E07-4FBE-922A-948E56D64DED}.Release.ActiveCfg = Release|Win32
		{9DDA3E7C-5E07-4FBE-922A-948E56D64DED}.Release.Build.0 = Release|Win32
		{9DDA3E7C-5E07-4FBE-922A-948E56D64DED}.Release DLL.ActiveCfg = Release|Win32
		{9DDA3E7C-5E07-4FBE-922A-948E56D64DED}.Release DLL.Build.0 = Release|Win32
		{9DDA3E7C-5E07-4FBE-922A-948E56D64DED}.Release Unicode.ActiveCfg = Release|Win32
		{9DDA3E7C-5E07-4FBE-922A-948E56D64DED}.Release Unicode.Build.0 = Release|Win32
		{9DDA3E7C-5E07-4FBE-922A-948E56D64DED}.Release Unicode DLL.ActiveCfg = Release|Win32
		{9DDA3E7C-5E07-4FBE-922A-948E56D64DED}.Release Unicode DLL.Build.0 = Release|Win32
		{9DDA3E7C-5E07-4FBE-922A-948E56D64DED}.Release With Debug Info.ActiveCfg = Release|Win32
		{9DDA3E7C-5E07-4FBE-922A-948E56D64DED}.Release With Debug Info.Build.0 = Release|Win32
		{9DDA3E7C-5E07-4FBE-922A-948E56D64DED}.Unicode Debug.ActiveCfg = Debug|Win32
		{9DDA3E7C-5E07-4FBE-922A-948E56D64DED}.Unicode Debug.Build.0 = Debug|Win32
		{9DDA3E7C-5E07-4FBE-922A-948E56D64DED}.Unicode Release.ActiveCfg = Release|Win32
		{9DDA3E7C-5E07-4FBE-922A-948E56D64DED}.Unicode Release.Build.0 = Release|Win32
		{9DDA3E7C-5E07-4FBE-922A-948E56D64DED}.Universal Debug.ActiveCfg = Debug|Win32
		{9DDA3E7C-5E07-4FBE-922A-948E56D64DED}.Universal Debug.Build.0 = Debug|Win32
		{9DDA3E7C-5E07-4FBE-922A-948E56D64DED}.Universal Release.ActiveCfg = Release|Win32
		{9DDA3E7C-5E07-4FBE-922A-948E56D64DED}.Universal Release.Build.0 = Release|Win32
		{9DDA3E7C-5E07-4FBE-922A-948E56D64DED}.Universal Unicode Debug.ActiveCfg = Debug|Win32
		{9DDA3E7C-5E07-4FBE-922A-948E56D64DED}.Universal Unicode Debug.Build.0 = Debug|Win32
		{9DDA3E7C-5E07-4FBE-922A-948E56D64DED}.Universal Unicode Release.ActiveCfg = Release|Win32
		{9DDA3E7C-5E07-4FBE-922A-948E56D64DED}.Universal Unicode Release.Build.0 = Release|Win32
		{37CF7A4F-85AD-4ABA-ACBF-C74B57FD00BD}.Debug.ActiveCfg = Debug|Win32
		{37CF7A4F-85AD-4ABA-ACBF-C74B57FD00BD}.Debug.Build.0 = Debug|Win32
		{37CF7A4F-85AD-4ABA-ACBF-C74B57FD00BD}.Debug DLL.ActiveCfg = Debug|Win32
		{37CF7A4F-85AD-4ABA-ACBF-C74B57FD00BD}.Debug DLL.Build.0 = Debug|Win32
		{37CF7A4F-85AD-4ABA-ACBF-C74B57FD00BD}.Debug Unicode.ActiveCfg = Debug|Win32
		{37CF7A4F-85AD-4ABA-ACBF-C74B57FD00BD}.Debug Unicode.Build.0 = Debug|Win32
		{37CF7A4F-85AD-4ABA-ACBF-C74B57FD00BD}.Debug Unicode DLL.ActiveCfg = Debug|Win32
		{37CF7A4F-85AD-4ABA-ACBF-C74B57FD00BD}.Debug Unicode DLL.Build.0 = Debug|Win32
		{37CF7A4F-85AD-4ABA-ACBF-C74B57FD00BD}.DLL Debug.ActiveCfg = Debug|Win32
		{37CF7A4F-85AD-4ABA-ACBF-C74B57FD00BD}.DLL Debug.Build.0 = Debug|Win32
		{37CF7A4F-85AD-4ABA-ACBF-C74B57FD00BD}.DLL Release.ActiveCfg = Release|Win32
		{37CF7A4F-85AD-4ABA-ACBF-C74B57FD00BD}.DLL Release.Build.0 = Release|Win32
		{37CF7A4F-85AD-4ABA-ACBF-C74B57FD00BD}.DLL Unicode Debug.ActiveCfg = Debug|Win32
		{37CF7A4F-85AD-4ABA-ACBF-C74B57FD00BD}.DLL Unicode Debug.Build.0 = Debug|Win32
		{37CF7A4F-85AD-4ABA-ACBF-C74B57FD00BD}.DLL Unicode Release.ActiveCfg = Release|Win32
		{37CF7A4F-85AD-4ABA-ACBF-C74B57FD00BD}.DLL Unicode Release.Build.0 = Release|Win32
		{37CF7A4F-85AD-4ABA-ACBF-C74B57FD00BD}.DLL Universal Debug.ActiveCfg = Debug|Win32
		{37CF7A4F-85AD-4ABA-ACBF-C74B57FD00BD}.DLL Universal Debug.Build.0 = Debug|Win32
		{37CF7A4F-85AD-4ABA-ACBF-C74B57FD00BD}.DLL Universal Release.ActiveCfg = Release|Win32
		{37CF7A4F-85AD-4ABA-ACBF-C74B57FD00BD}.DLL Universal Release.Build.0 = Release|Win32
		{37CF7A4F-85AD-4ABA-ACBF-C74B57FD00BD}.DLL Universal Unicode Debug.ActiveCfg = Debug|Win32
		{37CF7A4F-85AD-4ABA-ACBF-C74B57FD00BD}.DLL Universal Unicode Debug.Build.0 = Debug|Win32
		{37CF7A4F-85AD-4ABA-ACBF-C74B57FD00BD}.DLL Universal Unicode Release.ActiveCfg = Release|Win32
		{37CF7A4F-85AD-4ABA-ACBF-C74B57FD00BD}.DLL Universal Unicode Release.Build.0 = Release|Win32
		{37CF7A4F-85AD-4ABA-ACBF-C74B57FD00BD}.Release.ActiveCfg = Release|Win32
		{37CF7A4F-85AD-4ABA-ACBF-C74B57FD00BD}.Release.Build.0 = Release|Win32
		{37CF7A4F-85AD-4ABA-ACBF-C74B57FD00BD}.Release DLL.ActiveCfg = Release|Win32
		{37CF7A4F-85AD-4ABA-ACBF-C74B57FD00BD}.Release DLL.Build.0 = Release|Win32
		{37CF7A4F-85AD-4ABA-ACBF-C74B57FD00BD}.Release Unicode.ActiveCfg = Release|Win32
		{37CF7A4F-85AD-4ABA-ACBF-C74B57FD00BD}.Release Unicode.Build.0 = Release|Win32
		{37CF7A4F-85AD-4ABA-ACBF-C74B57FD00BD}.Release Unicode DLL.ActiveCfg = Release|Win32
		{37CF7A4F-85AD-4ABA-ACBF-C74B57FD00BD}.Release Unicode DLL.Build.0 = Release|Win32
		{37CF7A4F-85AD-4ABA-ACBF-C74B57FD00BD}.Release With Debug Info.ActiveCfg = Release|Win32
		{37CF7A4F-85AD-4ABA-ACBF-C74B57FD00BD}.Release With Debug Info.Build.0 = Release|Win32
		{37CF7A4F-85AD-4ABA-ACBF-C74B57FD00BD}.Unicode Debug.ActiveCfg = Debug|Win32
		{37CF7A4F-85AD-4ABA-ACBF-C74B57FD00BD}.Unicode Debug.Build.0 = Debug|Win32
		{37CF7A4F-85AD-4ABA-ACBF-C74B57FD00BD}.Unicode Release.ActiveCfg = Release|Win32
		{37CF7A4F-85AD-4ABA-ACBF-C74B57FD00BD}.Unicode Release.Build.0 = Release|Win32
		{37CF7A4F-85AD-4ABA-ACBF-C74B57FD00BD}.Universal Debug.ActiveCfg = Debug|Win32
		{37CF7A4F-85AD-4ABA-ACBF-C74B57FD00BD}.Universal Debug.Build.0 = Debug|Win32
		{37CF7A4F-85AD-4ABA-ACBF-C74B57FD00BD}.Universal Release.ActiveCfg = Release|Win32
		{37CF7A4F-85AD-4ABA-ACBF-C74B57FD00BD}.Universal Release.Build.0 = Release|Win32
		{37CF7A4F-85AD-4ABA-ACBF-C74B57FD00BD}.Universal Unicode Debug.ActiveCfg = Debug|Win32
		{37CF7A4F-85AD-4ABA-ACBF-C74B57FD00BD}.Universal Unicode Debug.Build.0 = Debug|Win32
		{37CF7A4F-85AD-4ABA-ACBF-C74B57FD00BD}.Universal Unicode Release.ActiveCfg = Release|Win32
		{37CF7A4F-85AD-4ABA-ACBF-C74B57FD00BD}.Universal Unicode Release.Build.0 = Release|Win32
		{29762E85-8337-4F66-9698-267A1620EF8D}.Debug.ActiveCfg = Debug|Win32
		{29762E85-8337-4F66-9698-267A1620EF8D}.Debug.Build.0 = Debug|Win32
		{29762E85-8337-4F66-9698-267A1620EF8D}.Debug DLL.ActiveCfg = Debug|Win32
		{29762E85-8337-4F66-9698-267A1620EF8D}.Debug DLL.Build.0 = Debug|Win32
		{29762E85-8337-4F66-9698-267A1620EF8D}.Debug Unicode.ActiveCfg = Debug|Win32
		{29762E85-8337-4F66-9698-267A1620EF8D}.Debug Unicode.Build.0 = Debug|Win32
		{29762E85-8337-4F66-9698-267A1620EF8D}.Debug Unicode DLL.ActiveCfg = Debug|Win32
		{29762E85-8337-4F66-9698-267A1620EF8D}.Debug Unicode DLL.Build.0 = Debug|Win32
		{29762E85-8337-4F66-9698-267A1620EF8D}.DLL Debug.ActiveCfg = Debug|Win32
		{29762E85-8337-4F66-9698-267A1620EF8D}.DLL Debug.Build.0 = Debug|Win32
		{29762E85-8337-4F66-9698-267A1620EF8D}.DLL Release.ActiveCfg = Release|Win32
		{29762E85-8337-4F66-9698-267A1620EF8D}.DLL Release.Build.0 = Release|Win32
		{29762E85-8337-4F66-9698-267A1620EF8D}.DLL Unicode Debug.ActiveCfg = Debug|Win32
		{29762E85-8337-4F66-9698-267A1620EF8D}.DLL Unicode Debug.Build.0 = Debug|Win32
		{29762E85-8337-4F66-9698-267A1620EF8D}.DLL Unicode Release.ActiveCfg = Release|Win32
		{29762E85-8337-4F66-9698-267A1620EF8D}.DLL Unicode Release.Build.0 = Release|Win32
		{29762E85-8337-4F66-9698-267A1620EF8D}.DLL Universal Debug.ActiveCfg = Debug|Win32
		{29762E85-8337-4F66-9698-267A1620EF8D}.DLL Universal Debug.Build.0 = Debug|Win32
		{29762E85-8337-4F66-9698-267A1620EF8D}.DLL Universal Release.ActiveCfg = Release|Win32
		{29762E85-8337-4F66-9698-267A1620EF8D}.DLL Universal Release.Build.0 = Release|Win32
		{29762E85-8337-4F66-9698-267A1620EF8D}.DLL Universal Unicode Debug.ActiveCfg = Debug|Win32
		{29762E85-8337-4F66-9698-267A1620EF8D}.DLL Universal Unicode Debug.Build.0 = Debug|Win32
		{29762E85-8337-4F66-9698-267A1620EF8D}.DLL Universal Unicode Release.ActiveCfg = Release|Win32
		{29762E85-8337-4F66-9698-267A1620EF8D}.DLL Universal Unicode Release.Build.0 = Release|Win32
		{29762E85-8337-4F66-9698-267A1620EF8D}.Release.ActiveCfg = Release|Win32
		{29762E85-8337-4F66-9698-267A1620EF8D}.Release.Build.0 = Release|Win32
		{29762E85-8337-4F66-9698-267A1620EF8D}.Release DLL.ActiveCfg = Release|Win32
		{29762E85-8337-4F66-9698-267A1620EF8D}.Release DLL.Build.0 = Release|Win32
		{29762E85-8337-4F66-9698-267A1620EF8D}.Release Unicode.ActiveCfg = Release|Win32
		{29762E85-8337-4F66-9698-267A1620EF8D}.Release Unicode.Build.0 = Release|Win32
		{29762E85-8337-4F66-9698-267A1620EF8D}.Release Unicode DLL.ActiveCfg = Release|Win32
		{29762E85-8337-4F66-9698-267A1620EF8D}.Release Unicode DLL.Build.0 = Release|Win32
		{29762E85-8337-4F66-9698-267A1620EF8D}.Release With Debug Info.ActiveCfg = Release|Win32
		{29762E85-8337-4F66-9698-267A1620EF8D}.Release With Debug Info.Build.0 = Release|Win32
		{29762E85-8337-4F66-9698-267A1620EF8D}.Unicode Debug.ActiveCfg = Debug|Win32
		{29762E85-8337-4F66-9698-267A1620EF8D}.Unicode Debug.Build.0 = Debug|Win32
		{29762E85-8337-4F66-9698-267A1620EF8D}.Unicode Release.ActiveCfg = Release|Win32
		{29762E85-8337-4F66-9698-267A1620EF8D}.Unicode Release.Build.0 = Release|Win32
		{29762E85-8337-4F66-9698-267A1620EF8D}.Universal Debug.ActiveCfg = Debug|Win32
		{29762E85-8337-4F66-9698-267A1620EF8D}.Universal Debug.Build.0 = Debug|Win32
		{29762E85-8337-4F66-9698-267A1620EF8D}.Universal Release.ActiveCfg = Release|Win32
		{29762E85-8337-4F66-9698-267A1620EF8D}.Universal Release.Build.0 = Release|Win32
		{29762E85-8337-4F66-9698-267A1620EF8D}.Universal Unicode Debug.ActiveCfg = Debug|Win32
		{29762E85-8337-4F66-9698-267A1620EF8D}.Universal Unicode Debug.Build.0 = Debug|Win32
		{29762E85-8337-4F66-9698-267A1620EF8D}.Universal Unicode Release.ActiveCfg = Release|Win32
		{29762E85-8337-4F66-9698-267A1620EF8D}.Universal Unicode Release.Build.0 = Release|Win32
		{F2B7FF00-309B-4D13-A6AD-C33D302C2CC2}.Debug.ActiveCfg = Debug|Win32
		{F2B7FF00-309B-4D13-A6AD-C33D302C2CC2}.Debug.Build.0 = Debug|Win32
		{F2B7FF00-309B-4D13-A6AD-C33D302C2CC2}.Debug DLL.ActiveCfg = Debug|Win32
		{F2B7FF00-309B-4D13-A6AD-C33D302C2CC2}.Debug DLL.Build.0 = Debug|Win32
		{F2B7FF00-309B-4D13-A6AD-C33D302C2CC2}.Debug Unicode.ActiveCfg = Debug|Win32
		{F2B7FF00-309B-4D13-A6AD-C33D302C2CC2}.Debug Unicode.Build.0 = Debug|Win32
		{F2B7FF00-309B-4D13-A6AD-C33D302C2CC2}.Debug Unicode DLL.ActiveCfg = Debug|Win32
		{F2B7FF00-309B-4D13-A6AD-C33D302C2CC2}.Debug Unicode DLL.Build.0 = Debug|Win32
		{F2B7FF00-309B-4D13-A6AD-C33D302C2CC2}.DLL Debug.ActiveCfg = DLL Debug|Win32
		{F2B7FF00-309B-4D13-A6AD-C33D302C2CC2}.DLL Debug.Build.0 = DLL Debug|Win32
		{F2B7FF00-309B-4D13-A6AD-C33D302C2CC2}.DLL Release.ActiveCfg = DLL Release|Win32
		{F2B7FF00-309B-4D13-A6AD-C33D302C2CC2}.DLL Release.Build.0 = DLL Release|Win32
		{F2B7FF00-309B-4D13-A6AD-C33D302C2CC2}.DLL Unicode Debug.ActiveCfg = DLL Unicode Debug|Win32
		{F2B7FF00-309B-4D13-A6AD-C33D302C2CC2}.DLL Unicode Debug.Build.0 = DLL Unicode Debug|Win32
		{F2B7FF00-309B-4D13-A6AD-C33D302C2CC2}.DLL Unicode Release.ActiveCfg = DLL Unicode Release|Win32
		{F2B7FF00-309B-4D13-A6AD-C33D302C2CC2}.DLL Unicode Release.Build.0 = DLL Unicode Release|Win32
		{F2B7FF00-309B-4D13-A6AD-C33D302C2CC2}.DLL Universal Debug.ActiveCfg = DLL Universal Debug|Win32
		{F2B7FF00-309B-4D13-A6AD-C33D302C2CC2}.DLL Universal Debug.Build.0 = DLL Universal Debug|Win32
		{F2B7FF00-309B-4D13-A6AD-C33D302C2CC2}.DLL Universal Release.ActiveCfg = DLL Universal Release|Win32
		{F2B7FF00-309B-4D13-A6AD-C33D302C2CC2}.DLL Universal Release.Build.0 = DLL Universal Release|Win32
		{F2B7FF00-309B-4D13-A6AD-C33D302C2CC2}.DLL Universal Unicode Debug.ActiveCfg = DLL Universal Unicode Debug|Win32
		{F2B7FF00-309B-4D13-A6AD-C33D302C2CC2}.DLL Universal Unicode Debug.Build.0 = DLL Universal Unicode Debug|Win32
		{F2B7FF00-309B-4D13-A6AD-C33D302C2CC2}.DLL Universal Unicode Release.ActiveCfg = DLL Universal Unicode Release|Win32
		{F2B7FF00-309B-4D13-A6AD-C33D302C2CC2}.DLL Universal Unicode Release.Build.0 = DLL Universal Unicode Release|Win32
		{F2B7FF00-309B-4D13-A6AD-C33D302C2CC2}.Release.ActiveCfg = Release|Win32
		{F2B7FF00-309B-4D13-A6AD-C33D302C2CC2}.Release.Build.0 = Release|Win32
		{F2B7FF00-309B-4D13-A6AD-C33D302C2CC2}.Release DLL.ActiveCfg = Release|Win32
		{F2B7FF00-309B-4D13-A6AD-C33D302C2CC2}.Release DLL.Build.0 = Release|Win32
		{F2B7FF00-309B-4D13-A6AD-C33D302C2CC2}.Release Unicode.ActiveCfg = Release|Win32
		{F2B7FF00-309B-4D13-A6AD-C33D302C2CC2}.Release Unicode.Build.0 = Release|Win32
		{F2B7FF00-309B-4D13-A6AD-C33D302C2CC2}.Release Unicode DLL.ActiveCfg = Release|Win32
		{F2B7FF00-309B-4D13-A6AD-C33D302C2CC2}.Release Unicode DLL.Build.0 = Release|Win32
		{F2B7FF00-309B-4D13-A6AD-C33D302C2CC2}.Release With Debug Info.ActiveCfg = Release|Win32
		{F2B7FF00-309B-4D13-A6AD-C33D302C2CC2}.Release With Debug Info.Build.0 = Release|Win32
		{F2B7FF00-309B-4D13-A6AD-C33D302C2CC2}.Unicode Debug.ActiveCfg = Unicode Debug|Win32
		{F2B7FF00-309B-4D13-A6AD-C33D302C2CC2}.Unicode Debug.Build.0 = Unicode Debug|Win32
		{F2B7FF00-309B-4D13-A6AD-C33D302C2CC2}.Unicode Release.ActiveCfg = Unicode Release|Win32
		{F2B7FF00-309B-4D13-A6AD-C33D302C2CC2}.Unicode Release.Build.0 = Unicode Release|Win32
		{F2B7FF00-309B-4D13-A6AD-C33D302C2CC2}.Universal Debug.ActiveCfg = Universal Debug|Win32
		{F2B7FF00-309B-4D13-A6AD-C33D302C2CC2}.Universal Debug.Build.0 = Universal Debug|Win32
		{F2B7FF00-309B-4D13-A6AD-C33D302C2CC2}.Universal Release.ActiveCfg = Universal Release|Win32
		{F2B7FF00-309B-4D13-A6AD-C33D302C2CC2}.Universal Release.Build.0 = Universal Release|Win32
		{F2B7FF00-309B-4D13-A6AD-C33D302C2CC2}.Universal Unicode Debug.ActiveCfg = Universal Unicode Debug|Win32
		{F2B7FF00-309B-4D13-A6AD-C33D302C2CC2}.Universal Unicode Debug.Build.0 = Universal Unicode Debug|Win32
		{F2B7FF00-309B-4D13-A6AD-C33D302C2CC2}.Universal Unicode Release.ActiveCfg = Universal Unicode Release|Win32
		{F2B7FF00-309B-4D13-A6AD-C33D302C2CC2}.Universal Unicode Release.Build.0 = Universal Unicode Release|Win32
		{10B33C50-293F-4352-8846-9287E1DB4C69}.Debug.ActiveCfg = Debug|Win32
		{10B33C50-293F-4352-8846-9287E1DB4C69}.Debug.Build.0 = Debug|Win32
		{10B33C50-293F-4352-8846-9287E1DB4C69}.Debug DLL.ActiveCfg = Debug|Win32
		{10B33C50-293F-4352-8846-9287E1DB4C69}.Debug DLL.Build.0 = Debug|Win32
		{10B33C50-293F-4352-8846-9287E1DB4C69}.Debug Unicode.ActiveCfg = Debug|Win32
		{10B33C50-293F-4352-8846-9287E1DB4C69}.Debug Unicode.Build.0 = Debug|Win32
		{10B33C50-293F-4352-8846-9287E1DB4C69}.Debug Unicode DLL.ActiveCfg = Debug|Win32
		{10B33C50-293F-4352-8846-9287E1DB4C69}.Debug Unicode DLL.Build.0 = Debug|Win32
		{10B33C50-293F-4352-8846-9287E1DB4C69}.DLL Debug.ActiveCfg = DLL Debug|Win32
		{10B33C50-293F-4352-8846-9287E1DB4C69}.DLL Debug.Build.0 = DLL Debug|Win32
		{10B33C50-293F-4352-8846-9287E1DB4C69}.DLL Release.ActiveCfg = DLL Release|Win32
		{10B33C50-293F-4352-8846-9287E1DB4C69}.DLL Release.Build.0 = DLL Release|Win32
		{10B33C50-293F-4352-8846-9287E1DB4C69}.DLL Unicode Debug.ActiveCfg = DLL Unicode Debug|Win32
		{10B33C50-293F-4352-8846-9287E1DB4C69}.DLL Unicode Debug.Build.0 = DLL Unicode Debug|Win32
		{10B33C50-293F-4352-8846-9287E1DB4C69}.DLL Unicode Release.ActiveCfg = DLL Unicode Release|Win32
		{10B33C50-293F-4352-8846-9287E1DB4C69}.DLL Unicode Release.Build.0 = DLL Unicode Release|Win32
		{10B33C50-293F-4352-8846-9287E1DB4C69}.DLL Universal Debug.ActiveCfg = DLL Universal Debug|Win32
		{10B33C50-293F-4352-8846-9287E1DB4C69}.DLL Universal Debug.Build.0 = DLL Universal Debug|Win32
		{10B33C50-293F-4352-8846-9287E1DB4C69}.DLL Universal Release.ActiveCfg = DLL Universal Release|Win32
		{10B33C50-293F-4352-8846-9287E1DB4C69}.DLL Universal Release.Build.0 = DLL Universal Release|Win32
		{10B33C50-293F-4352-8846-9287E1DB4C69}.DLL Universal Unicode Debug.ActiveCfg = DLL Universal Unicode Debug|Win32
		{10B33C50-293F-4352-8846-9287E1DB4C69}.DLL Universal Unicode Debug.Build.0 = DLL Universal Unicode Debug|Win32
		{10B33C50-293F-4352-8846-9287E1DB4C69}.DLL Universal Unicode Release.ActiveCfg = DLL Universal Unicode Release|Win32
		{10B33C50-293F-4352-8846-9287E1DB4C69}.DLL Universal Unicode Release.Build.0 = DLL Universal Unicode Release|Win32
		{10B33C50-293F-4352-8846-9287E1DB4C69}.Release.ActiveCfg = Release|Win32
		{10B33C50-293F-4352-8846-9287E1DB4C69}.Release.Build.0 = Release|Win32
		{10B33C50-293F-4352-8846-9287E1DB4C69}.Release DLL.ActiveCfg = Release|Win32
		{10B33C50-293F-4352-8846-9287E1DB4C69}.Release DLL.Build.0 = Release|Win32
		{10B33C50-293F-4352-8846-9287E1DB4C69}.Release Unicode.ActiveCfg = Release|Win32
		{10B33C50-293F-4352-8846-9287E1DB4C69}.Release Unicode.Build.0 = Release|Win32
		{10B33C50-293F-4352-8846-9287E1DB4C69}.Release Unicode DLL.ActiveCfg = Release|Win32
		{10B33C50-293F-4352-8846-9287E1DB4C69}.Release Unicode DLL.Build.0 = Release|Win32
		{10B33C50-293F-4352-8846-9287E1DB4C69}.Release With Debug Info.ActiveCfg = Release|Win32
		{10B33C50-293F-4352-8846-9287E1DB4C69}.Release With Debug Info.Build.0 = Release|Win32
		{10B33C50-293F-4352-8846-9287E1DB4C69}.Unicode Debug.ActiveCfg = Unicode Debug|Win32
		{10B33C50-293F-4352-8846-9287E1DB4C69}.Unicode Debug.Build.0 = Unicode Debug|Win32
		{10B33C50-293F-4352-8846-9287E1DB4C69}.Unicode Release.ActiveCfg = Unicode Release|Win32
		{10B33C50-293F-4352-8846-9287E1DB4C69}.Unicode Release.Build.0 = Unicode Release|Win32
		{10B33C50-293F-4352-8846-9287E1DB4C69}.Universal Debug.ActiveCfg = Universal Debug|Win32
		{10B33C50-293F-4352-8846-9287E1DB4C69}.Universal Debug.Build.0 = Universal Debug|Win32
		{10B33C50-293F-4352-8846-9287E1DB4C69}.Universal Release.ActiveCfg = Universal Release|Win32
		{10B33C50-293F-4352-8846-9287E1DB4C69}.Universal Release.Build.0 = Universal Release|Win32
		{10B33C50-293F-4352-8846-9287E1DB4C69}.Universal Unicode Debug.ActiveCfg = Universal Unicode Debug|Win32
		{10B33C50-293F-4352-8846-9287E1DB4C69}.Universal Unicode Debug.Build.0 = Universal Unicode Debug|Win32
		{10B33C50-293F-4352-8846-9287E1DB4C69}.Universal Unicode Release.ActiveCfg = Universal Unicode Release|Win32
		{10B33C50-293F-4352-8846-9287E1DB4C69}.Universal Unicode Release.Build.0 = Universal Unicode Release|Win32
		{1515C8EB-5C72-43DF-9D3A-0703F155F268}.Debug.ActiveCfg = Debug|Win32
		{1515C8EB-5C72-43DF-9D3A-0703F155F268}.Debug.Build.0 = Debug|Win32
		{1515C8EB-5C72-43DF-9D3A-0703F155F268}.Debug DLL.ActiveCfg = Debug|Win32
		{1515C8EB-5C72-43DF-9D3A-0703F155F268}.Debug DLL.Build.0 = Debug|Win32
		{1515C8EB-5C72-43DF-9D3A-0703F155F268}.Debug Unicode.ActiveCfg = Debug|Win32
		{1515C8EB-5C72-43DF-9D3A-0703F155F268}.Debug Unicode.Build.0 = Debug|Win32
		{1515C8EB-5C72-43DF-9D3A-0703F155F268}.Debug Unicode DLL.ActiveCfg = Debug|Win32
		{1515C8EB-5C72-43DF-9D3A-0703F155F268}.Debug Unicode DLL.Build.0 = Debug|Win32
		{1515C8EB-5C72-43DF-9D3A-0703F155F268}.DLL Debug.ActiveCfg = Debug|Win32
		{1515C8EB-5C72-43DF-9D3A-0703F155F268}.DLL Debug.Build.0 = Debug|Win32
		{1515C8EB-5C72-43DF-9D3A-0703F155F268}.DLL Release.ActiveCfg = Release|Win32
		{1515C8EB-5C72-43DF-9D3A-0703F155F268}.DLL Release.Build.0 = Release|Win32
		{1515C8EB-5C72-43DF-9D3A-0703F155F268}.DLL Unicode Debug.ActiveCfg = Debug|Win32
		{1515C8EB-5C72-43DF-9D3A-0703F155F268}.DLL Unicode Debug.Build.0 = Debug|Win32
		{1515C8EB-5C72-43DF-9D3A-0703F155F268}.DLL Unicode Release.ActiveCfg = Release|Win32
		{1515C8EB-5C72-43DF-9D3A-0703F155F268}.DLL Unicode Release.Build.0 = Release|Win32
		{1515C8EB-5C72-43DF-9D3A-0703F155F268}.DLL Universal Debug.ActiveCfg = Debug|Win32
		{1515C8EB-5C72-43DF-9D3A-0703F155F268}.DLL Universal Debug.Build.0 = Debug|Win32
		{1515C8EB-5C72-43DF-9D3A-0703F155F268}.DLL Universal Release.ActiveCfg = Release|Win32
		{1515C8EB-5C72-43DF-9D3A-0703F155F268}.DLL Universal Release.Build.0 = Release|Win32
		{1515C8EB-5C72-43DF-9D3A-0703F155F268}.DLL Universal Unicode Debug.ActiveCfg = Debug|Win32
		{1515C8EB-5C72-43DF-9D3A-0703F155F268}.DLL Universal Unicode Debug.Build.0 = Debug|Win32
		{1515C8EB-5C72-43DF-9D3A-0703F155F268}.DLL Universal Unicode Release.ActiveCfg = Release|Win32
		{1515C8EB-5C72-43DF-9D3A-0703F155F268}.DLL Universal Unicode Release.Build.0 = Release|Win32
		{1515C8EB-5C72-43DF-9D3A-0703F155F268}.Release.ActiveCfg = Release|Win32
		{1515C8EB-5C72-43DF-9D3A-0703F155F268}.Release.Build.0 = Release|Win32
		{1515C8EB-5C72-43DF-9D3A-0703F155F268}.Release DLL.ActiveCfg = Release|Win32
		{1515C8EB-5C72-43DF-9D3A-0703F155F268}.Release DLL.Build.0 = Release|Win32
		{1515C8EB-5C72-43DF-9D3A-0703F155F268}.Release Unicode.ActiveCfg = Release|Win32
		{1515C8EB-5C72-43DF-9D3A-0703F155F268}.Release Unicode.Build.0 = Release|Win32
		{1515C8EB-5C72-43DF-9D3A-0703F155F268}.Release Unicode DLL.ActiveCfg = Release|Win32
		{1515C8EB-5C72-43DF-9D3A-0703F155F268}.Release Unicode DLL.Build.0 = Release|Win32
		{1515C8EB-5C72-43DF-9D3A-0703F155F268}.Release With Debug Info.ActiveCfg = Release|Win32
		{1515C8EB-5C72-43DF-9D3A-0703F155F268}.Release With Debug Info.Build.0 = Release|Win32
		{1515C8EB-5C72-43DF-9D3A-0703F155F268}.Unicode Debug.ActiveCfg = Debug|Win32
		{1515C8EB-5C72-43DF-9D3A-0703F155F268}.Unicode Debug.Build.0 = Debug|Win32
		{1515C8EB-5C72-43DF-9D3A-0703F155F268}.Unicode Release.ActiveCfg = Release|Win32
		{1515C8EB-5C72-43DF-9D3A-0703F155F268}.Unicode Release.Build.0 = Release|Win32
		{1515C8EB-5C72-43DF-9D3A-0703F155F268}.Universal Debug.ActiveCfg = Debug|Win32
		{1515C8EB-5C72-43DF-9D3A-0703F155F268}.Universal Debug.Build.0 = Debug|Win32
		{1515C8EB-5C72-43DF-9D3A-0703F155F268}.Universal Release.ActiveCfg = Release|Win32
		{1515C8EB-5C72-43DF-9D3A-0703F155F268}.Universal Release.Build.0 = Release|Win32
		{1515C8EB-5C72-43DF-9D3A-0703F155F268}.Universal Unicode Debug.ActiveCfg = Debug|Win32
		{1515C8EB-5C72-43DF-9D3A-0703F155F268}.Universal Unicode Debug.Build.0 = Debug|Win32
		{1515C8EB-5C72-43DF-9D3A-0703F155F268}.Universal Unicode Release.ActiveCfg = Release|Win32
		{1515C8EB-5C72-43DF-9D3A-0703F155F268}.Universal Unicode Release.Build.0 = Release|Win32
	EndGlobalSection
	GlobalSection(ExtensibilityGlobals) = postSolution
	EndGlobalSection
	GlobalSection(ExtensibilityAddIns) = postSolution
	EndGlobalSection
EndGlobal
