<?xml version="1.0" encoding="utf-8"?>
<Project ToolsVersion="4.0" xmlns="http://schemas.microsoft.com/developer/msbuild/2003">
  <ItemGroup>
    <Filter Include="Source Files">
      <UniqueIdentifier>{f239ec7b-8629-4faf-a3b0-82ba8a0125a1}</UniqueIdentifier>
      <Extensions>cpp;c;cxx;rc;def;r;odl;idl;hpj;bat</Extensions>
    </Filter>
    <Filter Include="Header Files">
      <UniqueIdentifier>{45ec096a-95ca-493c-b8f2-8b997880dfc2}</UniqueIdentifier>
      <Extensions>h;hpp;hxx;hm;inl</Extensions>
    </Filter>
  </ItemGroup>
  <ItemGroup>
    <ClCompile Include="src\osdep\nt\dummynt.c">
      <Filter>Source Files</Filter>
    </ClCompile>
    <ClCompile Include="src\osdep\nt\fdstring.c">
      <Filter>Source Files</Filter>
    </ClCompile>
    <ClCompile Include="src\c-client\flstring.c">
      <Filter>Source Files</Filter>
    </ClCompile>
    <ClCompile Include="src\c-client\imap4r1.c">
      <Filter>Source Files</Filter>
    </ClCompile>
    <ClCompile Include="src\c-client\mail.c">
      <Filter>Source Files</Filter>
    </ClCompile>
    <ClCompile Include="src\osdep\nt\mbxnt.c">
      <Filter>Source Files</Filter>
    </ClCompile>
    <ClCompile Include="src\osdep\nt\mhnt.c">
      <Filter>Source Files</Filter>
    </ClCompile>
    <ClCompile Include="src\c-client\misc.c">
      <Filter>Source Files</Filter>
    </ClCompile>
    <ClCompile Include="src\osdep\nt\mtxnt.c">
      <Filter>Source Files</Filter>
    </ClCompile>
    <ClCompile Include="src\c-client\netmsg.c">
      <Filter>Source Files</Filter>
    </ClCompile>
    <ClCompile Include="src\c-client\newsrc.c">
      <Filter>Source Files</Filter>
    </ClCompile>
    <ClCompile Include="src\c-client\nntp.c">
      <Filter>Source Files</Filter>
    </ClCompile>
    <ClCompile Include="src\osdep\nt\os_nt.c">
      <Filter>Source Files</Filter>
    </ClCompile>
    <ClCompile Include="src\c-client\pop3.c">
      <Filter>Source Files</Filter>
    </ClCompile>
    <ClCompile Include="src\osdep\nt\pseudo.c">
      <Filter>Source Files</Filter>
    </ClCompile>
    <ClCompile Include="src\c-client\rfc822.c">
      <Filter>Source Files</Filter>
    </ClCompile>
    <ClCompile Include="src\c-client\smanager.c">
      <Filter>Source Files</Filter>
    </ClCompile>
    <ClCompile Include="src\c-client\smtp.c">
      <Filter>Source Files</Filter>
    </ClCompile>
    <ClCompile Include="src\osdep\nt\tenexnt.c">
      <Filter>Source Files</Filter>
    </ClCompile>
    <ClCompile Include="src\osdep\nt\unixnt.c">
      <Filter>Source Files</Filter>
    </ClCompile>
    <ClCompile Include="src\c-client\utf8.c">
      <Filter>Source Files</Filter>
    </ClCompile>
    <ClCompile Include="src\c-client\utf8aux.c">
      <Filter>Source Files</Filter>
    </ClCompile>
  </ItemGroup>
  <ItemGroup>
    <CustomBuild Include="src\osdep\nt\ip4_nt.c">
      <Filter>Header Files</Filter>
    </CustomBuild>
  </ItemGroup>
</Project>